
Microsoft Visual Studio Solution File, Format Version 12.00
# Visual Studio Version 17
VisualStudioVersion = 17.7.34221.43
MinimumVisualStudioVersion = 10.0.40219.1
Project("{9A19103F-16F7-4668-BE54-9A1E7A4F7556}") = "MVC8", "MVC8\MVC8.csproj", "{8BC173F2-0906-4BBE-9EA1-DFF6267EE0A9}"
EndProject
Project("{FAE04EC0-301F-11D3-BF4B-00C04F79EFBC}") = "MVC8.DataAccess", "DataAccess\MVC8.DataAccess.csproj", "{C5B4FB52-CC4D-429F-98C3-FA889B5F8234}"
EndProject
Project("{FAE04EC0-301F-11D3-BF4B-00C04F79EFBC}") = "MVC8.Models", "Models\MVC8.Models.csproj", "{BE50C5E4-B2BD-4CB1-8EFA-C220F7CDD8FB}"
EndProject
Project("{FAE04EC0-301F-11D3-BF4B-00C04F79EFBC}") = "MVC8.Utility", "Utility\MVC8.Utility.csproj", "{71129A44-712B-4E16-A657-7092E38A464C}"
EndProject
Global
	GlobalSection(SolutionConfigurationPlatforms) = preSolution
		Debug|Any CPU = Debug|Any CPU
		Release|Any CPU = Release|Any CPU
	EndGlobalSection
	GlobalSection(ProjectConfigurationPlatforms) = postSolution
		{8BC173F2-0906-4BBE-9EA1-DFF6267EE0A9}.Debug|Any CPU.ActiveCfg = Debug|Any CPU
		{8BC173F2-0906-4BBE-9EA1-DFF6267EE0A9}.Debug|Any CPU.Build.0 = Debug|Any CPU
		{8BC173F2-0906-4BBE-9EA1-DFF6267EE0A9}.Release|Any CPU.ActiveCfg = Release|Any CPU
		{8BC173F2-0906-4BBE-9EA1-DFF6267EE0A9}.Release|Any CPU.Build.0 = Release|Any CPU
		{C5B4FB52-CC4D-429F-98C3-FA889B5F8234}.Debug|Any CPU.ActiveCfg = Debug|Any CPU
		{C5B4FB52-CC4D-429F-98C3-FA889B5F8234}.Debug|Any CPU.Build.0 = Debug|Any CPU
		{C5B4FB52-CC4D-429F-98C3-FA889B5F8234}.Release|Any CPU.ActiveCfg = Release|Any CPU
		{C5B4FB52-CC4D-429F-98C3-FA889B5F8234}.Release|Any CPU.Build.0 = Release|Any CPU
		{BE50C5E4-B2BD-4CB1-8EFA-C220F7CDD8FB}.Debug|Any CPU.ActiveCfg = Debug|Any CPU
		{BE50C5E4-B2BD-4CB1-8EFA-C220F7CDD8FB}.Debug|Any CPU.Build.0 = Debug|Any CPU
		{BE50C5E4-B2BD-4CB1-8EFA-C220F7CDD8FB}.Release|Any CPU.ActiveCfg = Release|Any CPU
		{BE50C5E4-B2BD-4CB1-8EFA-C220F7CDD8FB}.Release|Any CPU.Build.0 = Release|Any CPU
		{71129A44-712B-4E16-A657-7092E38A464C}.Debug|Any CPU.ActiveCfg = Debug|Any CPU
		{71129A44-712B-4E16-A657-7092E38A464C}.Debug|Any CPU.Build.0 = Debug|Any CPU
		{71129A44-712B-4E16-A657-7092E38A464C}.Release|Any CPU.ActiveCfg = Release|Any CPU
		{71129A44-712B-4E16-A657-7092E38A464C}.Release|Any CPU.Build.0 = Release|Any CPU
	EndGlobalSection
	GlobalSection(SolutionProperties) = preSolution
		HideSolutionNode = FALSE
	EndGlobalSection
	GlobalSection(ExtensibilityGlobals) = postSolution
		SolutionGuid = {BFE00F59-6B88-4112-8368-CDD822481F72}
	EndGlobalSection
EndGlobal
